// !$*UTF8*$!
{
	archiveVersion = 1;
	classes = {
	};
	objectVersion = 56;
	objects = {

/* Begin PBXBuildFile section */
		C50B9AD32AA7396500FF1EA3 /* ConsoleTools.swift in Sources */ = {isa = PBXBuildFile; fileRef = C50B9AD22AA7396500FF1EA3 /* ConsoleTools.swift */; };
		C535AEB42AB3431F00AB61AD /* Realm in Frameworks */ = {isa = PBXBuildFile; productRef = C535AEB32AB3431F00AB61AD /* Realm */; };
		C535AEB62AB3431F00AB61AD /* RealmSwift in Frameworks */ = {isa = PBXBuildFile; productRef = C535AEB52AB3431F00AB61AD /* RealmSwift */; };
		C535AEB82AB343AE00AB61AD /* Realm.swift in Sources */ = {isa = PBXBuildFile; fileRef = C535AEB72AB343AE00AB61AD /* Realm.swift */; };
		C55D12B229ACAE8F0050F567 /* CryptoSwift in Frameworks */ = {isa = PBXBuildFile; productRef = C55D12B129ACAE8F0050F567 /* CryptoSwift */; };
		C55D12B429ACB5E00050F567 /* Crypto.swift in Sources */ = {isa = PBXBuildFile; fileRef = C55D12B329ACB5E00050F567 /* Crypto.swift */; };
		C55D12B529ACB5E00050F567 /* Crypto.swift in Sources */ = {isa = PBXBuildFile; fileRef = C55D12B329ACB5E00050F567 /* Crypto.swift */; };
		C55D12B729ACB9CB0050F567 /* CryptoSwift in Frameworks */ = {isa = PBXBuildFile; productRef = C55D12B629ACB9CB0050F567 /* CryptoSwift */; };
		C5916E4E29827E860051AC06 /* DataView.swift in Sources */ = {isa = PBXBuildFile; fileRef = C5916E4629827E860051AC06 /* DataView.swift */; };
		C5916E4F29827E860051AC06 /* SettingsView.swift in Sources */ = {isa = PBXBuildFile; fileRef = C5916E4729827E860051AC06 /* SettingsView.swift */; };
		C5916E5029827E860051AC06 /* Details.swift in Sources */ = {isa = PBXBuildFile; fileRef = C5916E4829827E860051AC06 /* Details.swift */; };
		C5916E5129827E860051AC06 /* Console.swift in Sources */ = {isa = PBXBuildFile; fileRef = C5916E4929827E860051AC06 /* Console.swift */; };
		C5916E5229827E860051AC06 /* Graph.swift in Sources */ = {isa = PBXBuildFile; fileRef = C5916E4A29827E860051AC06 /* Graph.swift */; };
		C5916E5329827E860051AC06 /* OnlineView.swift in Sources */ = {isa = PBXBuildFile; fileRef = C5916E4B29827E860051AC06 /* OnlineView.swift */; };
		C5916E5429827E860051AC06 /* Monitor.swift in Sources */ = {isa = PBXBuildFile; fileRef = C5916E4C29827E860051AC06 /* Monitor.swift */; };
		C5916E5529827E860051AC06 /* ContentView.swift in Sources */ = {isa = PBXBuildFile; fileRef = C5916E4D29827E860051AC06 /* ContentView.swift */; };
		C5916E5729827EB10051AC06 /* MainDelegate.swift in Sources */ = {isa = PBXBuildFile; fileRef = C5916E5629827EB10051AC06 /* MainDelegate.swift */; };
		C59184462981E73400A6DA89 /* App.swift in Sources */ = {isa = PBXBuildFile; fileRef = C5AAA6182981CF7000CA3EC1 /* App.swift */; };
		C59184472981E9B000A6DA89 /* Assets.xcassets in Resources */ = {isa = PBXBuildFile; fileRef = C5AAA61C2981CF7200CA3EC1 /* Assets.xcassets */; };
		C5AAA6192981CF7000CA3EC1 /* App.swift in Sources */ = {isa = PBXBuildFile; fileRef = C5AAA6182981CF7000CA3EC1 /* App.swift */; };
		C5AAA61D2981CF7200CA3EC1 /* Assets.xcassets in Resources */ = {isa = PBXBuildFile; fileRef = C5AAA61C2981CF7200CA3EC1 /* Assets.xcassets */; };
		C5BE8E5B29916D3600604237 /* DiaBLE Watch.app in Embed Watch Content */ = {isa = PBXBuildFile; fileRef = C59960DF2981E381005999C2 /* DiaBLE Watch.app */; platformFilter = ios; settings = {ATTRIBUTES = (RemoveHeadersOnCopy, ); }; };
		C5BF60A82A66630D005DC208 /* Gen2.swift in Sources */ = {isa = PBXBuildFile; fileRef = C5BF60A72A66630D005DC208 /* Gen2.swift */; };
		C5BF60A92A66630D005DC208 /* Gen2.swift in Sources */ = {isa = PBXBuildFile; fileRef = C5BF60A72A66630D005DC208 /* Gen2.swift */; };
		C5E015E02989B0EA00F6EDF9 /* README.md in Resources */ = {isa = PBXBuildFile; fileRef = C5E015DF2989B0EA00F6EDF9 /* README.md */; };
		C5E015E12989B0EA00F6EDF9 /* README.md in Resources */ = {isa = PBXBuildFile; fileRef = C5E015DF2989B0EA00F6EDF9 /* README.md */; };
		C5E015E32989B0F600F6EDF9 /* TODO.md in Resources */ = {isa = PBXBuildFile; fileRef = C5E015E22989B0F600F6EDF9 /* TODO.md */; };
		C5E015E42989B0F600F6EDF9 /* TODO.md in Resources */ = {isa = PBXBuildFile; fileRef = C5E015E22989B0F600F6EDF9 /* TODO.md */; };
		C5E015E62989B10500F6EDF9 /* LICENSE.md in Resources */ = {isa = PBXBuildFile; fileRef = C5E015E52989B10500F6EDF9 /* LICENSE.md */; };
		C5E015E72989B10500F6EDF9 /* LICENSE.md in Resources */ = {isa = PBXBuildFile; fileRef = C5E015E52989B10500F6EDF9 /* LICENSE.md */; };
		C5E4004729825C710021C6B7 /* alarm_high.mp3 in Resources */ = {isa = PBXBuildFile; fileRef = C5E4004429825C710021C6B7 /* alarm_high.mp3 */; };
		C5E4004829825C710021C6B7 /* alarm_high.mp3 in Resources */ = {isa = PBXBuildFile; fileRef = C5E4004429825C710021C6B7 /* alarm_high.mp3 */; };
		C5E4004929825C710021C6B7 /* alarm_low.mp3 in Resources */ = {isa = PBXBuildFile; fileRef = C5E4004529825C710021C6B7 /* alarm_low.mp3 */; };
		C5E4004A29825C710021C6B7 /* alarm_low.mp3 in Resources */ = {isa = PBXBuildFile; fileRef = C5E4004529825C710021C6B7 /* alarm_low.mp3 */; };
		C5E4004B29825C710021C6B7 /* alarm_signal_loss.mp3 in Resources */ = {isa = PBXBuildFile; fileRef = C5E4004629825C710021C6B7 /* alarm_signal_loss.mp3 */; };
		C5E4004C29825C710021C6B7 /* alarm_signal_loss.mp3 in Resources */ = {isa = PBXBuildFile; fileRef = C5E4004629825C710021C6B7 /* alarm_signal_loss.mp3 */; };
		C5E4005929825C930021C6B7 /* DataView.swift in Sources */ = {isa = PBXBuildFile; fileRef = C5E4004E29825C930021C6B7 /* DataView.swift */; };
		C5E4005A29825C930021C6B7 /* SettingsView.swift in Sources */ = {isa = PBXBuildFile; fileRef = C5E4004F29825C930021C6B7 /* SettingsView.swift */; };
		C5E4005B29825C930021C6B7 /* Details.swift in Sources */ = {isa = PBXBuildFile; fileRef = C5E4005029825C930021C6B7 /* Details.swift */; };
		C5E4005C29825C930021C6B7 /* ViewRepresentables.swift in Sources */ = {isa = PBXBuildFile; fileRef = C5E4005129825C930021C6B7 /* ViewRepresentables.swift */; };
		C5E4005D29825C930021C6B7 /* Console.swift in Sources */ = {isa = PBXBuildFile; fileRef = C5E4005229825C930021C6B7 /* Console.swift */; };
		C5E4005E29825C930021C6B7 /* Graph.swift in Sources */ = {isa = PBXBuildFile; fileRef = C5E4005329825C930021C6B7 /* Graph.swift */; };
		C5E4005F29825C930021C6B7 /* OnlineView.swift in Sources */ = {isa = PBXBuildFile; fileRef = C5E4005429825C930021C6B7 /* OnlineView.swift */; };
		C5E4006029825C930021C6B7 /* Monitor.swift in Sources */ = {isa = PBXBuildFile; fileRef = C5E4005529825C930021C6B7 /* Monitor.swift */; };
		C5E4006129825C930021C6B7 /* Plan.swift in Sources */ = {isa = PBXBuildFile; fileRef = C5E4005629825C930021C6B7 /* Plan.swift */; };
		C5E4006229825C930021C6B7 /* ContentView.swift in Sources */ = {isa = PBXBuildFile; fileRef = C5E4005729825C930021C6B7 /* ContentView.swift */; };
		C5E4006329825C930021C6B7 /* HamburgerMenu.swift in Sources */ = {isa = PBXBuildFile; fileRef = C5E4005829825C930021C6B7 /* HamburgerMenu.swift */; };
		C5E4006529825D1F0021C6B7 /* Extensions.swift in Sources */ = {isa = PBXBuildFile; fileRef = C5E4006429825D1F0021C6B7 /* Extensions.swift */; };
		C5E4006629825D1F0021C6B7 /* Extensions.swift in Sources */ = {isa = PBXBuildFile; fileRef = C5E4006429825D1F0021C6B7 /* Extensions.swift */; };
		C5E4006829825DCD0021C6B7 /* Settings.swift in Sources */ = {isa = PBXBuildFile; fileRef = C5E4006729825DCD0021C6B7 /* Settings.swift */; };
		C5E4006929825DCD0021C6B7 /* Settings.swift in Sources */ = {isa = PBXBuildFile; fileRef = C5E4006729825DCD0021C6B7 /* Settings.swift */; };
		C5E4006B29825DDE0021C6B7 /* Bluetooth.swift in Sources */ = {isa = PBXBuildFile; fileRef = C5E4006A29825DDD0021C6B7 /* Bluetooth.swift */; };
		C5E4006C29825DDE0021C6B7 /* Bluetooth.swift in Sources */ = {isa = PBXBuildFile; fileRef = C5E4006A29825DDD0021C6B7 /* Bluetooth.swift */; };
		C5E4006E29825DEA0021C6B7 /* Device.swift in Sources */ = {isa = PBXBuildFile; fileRef = C5E4006D29825DEA0021C6B7 /* Device.swift */; };
		C5E4006F29825DEA0021C6B7 /* Device.swift in Sources */ = {isa = PBXBuildFile; fileRef = C5E4006D29825DEA0021C6B7 /* Device.swift */; };
		C5E4007129825DF50021C6B7 /* BluetoothDelegate.swift in Sources */ = {isa = PBXBuildFile; fileRef = C5E4007029825DF50021C6B7 /* BluetoothDelegate.swift */; };
		C5E4007229825DF50021C6B7 /* BluetoothDelegate.swift in Sources */ = {isa = PBXBuildFile; fileRef = C5E4007029825DF50021C6B7 /* BluetoothDelegate.swift */; };
		C5E4007429825E050021C6B7 /* MainDelegate.swift in Sources */ = {isa = PBXBuildFile; fileRef = C5E4007329825E050021C6B7 /* MainDelegate.swift */; };
		C5E4007629825E370021C6B7 /* Glucose.swift in Sources */ = {isa = PBXBuildFile; fileRef = C5E4007529825E370021C6B7 /* Glucose.swift */; };
		C5E4007729825E370021C6B7 /* Glucose.swift in Sources */ = {isa = PBXBuildFile; fileRef = C5E4007529825E370021C6B7 /* Glucose.swift */; };
		C5E4007929825E450021C6B7 /* Sensor.swift in Sources */ = {isa = PBXBuildFile; fileRef = C5E4007829825E450021C6B7 /* Sensor.swift */; };
		C5E4007A29825E450021C6B7 /* Sensor.swift in Sources */ = {isa = PBXBuildFile; fileRef = C5E4007829825E450021C6B7 /* Sensor.swift */; };
		C5E4007C29825E4E0021C6B7 /* Abbott.swift in Sources */ = {isa = PBXBuildFile; fileRef = C5E4007B29825E4E0021C6B7 /* Abbott.swift */; };
		C5E4007D29825E4E0021C6B7 /* Abbott.swift in Sources */ = {isa = PBXBuildFile; fileRef = C5E4007B29825E4E0021C6B7 /* Abbott.swift */; };
		C5E4008229825E8B0021C6B7 /* Libre2.swift in Sources */ = {isa = PBXBuildFile; fileRef = C5E4008129825E8B0021C6B7 /* Libre2.swift */; };
		C5E4008329825E8B0021C6B7 /* Libre2.swift in Sources */ = {isa = PBXBuildFile; fileRef = C5E4008129825E8B0021C6B7 /* Libre2.swift */; };
		C5E4008529825E990021C6B7 /* Libre3.swift in Sources */ = {isa = PBXBuildFile; fileRef = C5E4008429825E990021C6B7 /* Libre3.swift */; };
		C5E4008629825E990021C6B7 /* Libre3.swift in Sources */ = {isa = PBXBuildFile; fileRef = C5E4008429825E990021C6B7 /* Libre3.swift */; };
		C5E4008B29825EC40021C6B7 /* Events.swift in Sources */ = {isa = PBXBuildFile; fileRef = C5E4008A29825EC40021C6B7 /* Events.swift */; };
		C5E4008D29825ED00021C6B7 /* Health.swift in Sources */ = {isa = PBXBuildFile; fileRef = C5E4008C29825ED00021C6B7 /* Health.swift */; };
		C5E4008E29825ED00021C6B7 /* Health.swift in Sources */ = {isa = PBXBuildFile; fileRef = C5E4008C29825ED00021C6B7 /* Health.swift */; };
		C5E4009029825EEE0021C6B7 /* NFC.swift in Sources */ = {isa = PBXBuildFile; fileRef = C5E4008F29825EED0021C6B7 /* NFC.swift */; };
		C5E4009129825EEE0021C6B7 /* NFC.swift in Sources */ = {isa = PBXBuildFile; fileRef = C5E4008F29825EED0021C6B7 /* NFC.swift */; };
		C5E4009629825F120021C6B7 /* LibreLink.swift in Sources */ = {isa = PBXBuildFile; fileRef = C5E4009529825F120021C6B7 /* LibreLink.swift */; };
		C5E4009729825F120021C6B7 /* LibreLink.swift in Sources */ = {isa = PBXBuildFile; fileRef = C5E4009529825F120021C6B7 /* LibreLink.swift */; };
		C5E4009929825F1C0021C6B7 /* Nightscout.swift in Sources */ = {isa = PBXBuildFile; fileRef = C5E4009829825F1C0021C6B7 /* Nightscout.swift */; };
		C5E4009A29825F1C0021C6B7 /* Nightscout.swift in Sources */ = {isa = PBXBuildFile; fileRef = C5E4009829825F1C0021C6B7 /* Nightscout.swift */; };
		C5E4009C29825F260021C6B7 /* OOP.swift in Sources */ = {isa = PBXBuildFile; fileRef = C5E4009B29825F250021C6B7 /* OOP.swift */; };
		C5E4009D29825F260021C6B7 /* OOP.swift in Sources */ = {isa = PBXBuildFile; fileRef = C5E4009B29825F250021C6B7 /* OOP.swift */; };
		C5E4009F29825F580021C6B7 /* company_ids.json in Resources */ = {isa = PBXBuildFile; fileRef = C5E4009E29825F580021C6B7 /* company_ids.json */; };
		C5E400A029825F580021C6B7 /* company_ids.json in Resources */ = {isa = PBXBuildFile; fileRef = C5E4009E29825F580021C6B7 /* company_ids.json */; };
/* End PBXBuildFile section */

/* Begin PBXContainerItemProxy section */
		C5BE8E5C29916D3600604237 /* PBXContainerItemProxy */ = {
			isa = PBXContainerItemProxy;
			containerPortal = C5AAA60D2981CF7000CA3EC1 /* Project object */;
			proxyType = 1;
			remoteGlobalIDString = C59960DE2981E381005999C2;
			remoteInfo = "DiaBLE Watch";
		};
/* End PBXContainerItemProxy section */

/* Begin PBXCopyFilesBuildPhase section */
		C5BE8E5E29916D3600604237 /* Embed Watch Content */ = {
			isa = PBXCopyFilesBuildPhase;
			buildActionMask = 2147483647;
			dstPath = "$(CONTENTS_FOLDER_PATH)/Watch";
			dstSubfolderSpec = 16;
			files = (
				C5BE8E5B29916D3600604237 /* DiaBLE Watch.app in Embed Watch Content */,
			);
			name = "Embed Watch Content";
			runOnlyForDeploymentPostprocessing = 0;
		};
/* End PBXCopyFilesBuildPhase section */

/* Begin PBXFileReference section */
		49DE8D3329AFFB3000BB7CF4 /* DiaBLE.xcconfig */ = {isa = PBXFileReference; fileEncoding = 4; lastKnownFileType = text.xcconfig; path = DiaBLE.xcconfig; sourceTree = "<group>"; };
		49DE8D3429AFFB3000BB7CF4 /* DiaBLEOverride.xcconfig */ = {isa = PBXFileReference; fileEncoding = 4; lastKnownFileType = text.xcconfig; path = DiaBLEOverride.xcconfig; sourceTree = "<group>"; };
		C50B9AD22AA7396500FF1EA3 /* ConsoleTools.swift */ = {isa = PBXFileReference; fileEncoding = 4; lastKnownFileType = sourcecode.swift; path = ConsoleTools.swift; sourceTree = "<group>"; };
		C535AEB72AB343AE00AB61AD /* Realm.swift */ = {isa = PBXFileReference; fileEncoding = 4; lastKnownFileType = sourcecode.swift; path = Realm.swift; sourceTree = "<group>"; };
		C53F77C529894478004F275A /* Info.plist */ = {isa = PBXFileReference; lastKnownFileType = text.plist.xml; path = Info.plist; sourceTree = "<group>"; };
		C55D12B329ACB5E00050F567 /* Crypto.swift */ = {isa = PBXFileReference; fileEncoding = 4; lastKnownFileType = sourcecode.swift; path = Crypto.swift; sourceTree = "<group>"; };
		C5916E4629827E860051AC06 /* DataView.swift */ = {isa = PBXFileReference; fileEncoding = 4; lastKnownFileType = sourcecode.swift; path = DataView.swift; sourceTree = "<group>"; };
		C5916E4729827E860051AC06 /* SettingsView.swift */ = {isa = PBXFileReference; fileEncoding = 4; lastKnownFileType = sourcecode.swift; path = SettingsView.swift; sourceTree = "<group>"; };
		C5916E4829827E860051AC06 /* Details.swift */ = {isa = PBXFileReference; fileEncoding = 4; lastKnownFileType = sourcecode.swift; path = Details.swift; sourceTree = "<group>"; };
		C5916E4929827E860051AC06 /* Console.swift */ = {isa = PBXFileReference; fileEncoding = 4; lastKnownFileType = sourcecode.swift; path = Console.swift; sourceTree = "<group>"; };
		C5916E4A29827E860051AC06 /* Graph.swift */ = {isa = PBXFileReference; fileEncoding = 4; lastKnownFileType = sourcecode.swift; path = Graph.swift; sourceTree = "<group>"; };
		C5916E4B29827E860051AC06 /* OnlineView.swift */ = {isa = PBXFileReference; fileEncoding = 4; lastKnownFileType = sourcecode.swift; path = OnlineView.swift; sourceTree = "<group>"; };
		C5916E4C29827E860051AC06 /* Monitor.swift */ = {isa = PBXFileReference; fileEncoding = 4; lastKnownFileType = sourcecode.swift; path = Monitor.swift; sourceTree = "<group>"; };
		C5916E4D29827E860051AC06 /* ContentView.swift */ = {isa = PBXFileReference; fileEncoding = 4; lastKnownFileType = sourcecode.swift; path = ContentView.swift; sourceTree = "<group>"; };
		C5916E5629827EB10051AC06 /* MainDelegate.swift */ = {isa = PBXFileReference; fileEncoding = 4; lastKnownFileType = sourcecode.swift; path = MainDelegate.swift; sourceTree = "<group>"; };
		C59960DF2981E381005999C2 /* DiaBLE Watch.app */ = {isa = PBXFileReference; explicitFileType = wrapper.application; includeInIndex = 0; path = "DiaBLE Watch.app"; sourceTree = BUILT_PRODUCTS_DIR; };
		C5A14842298985E000A0E510 /* DiaBLE Watch.entitlements */ = {isa = PBXFileReference; lastKnownFileType = text.plist.entitlements; name = "DiaBLE Watch.entitlements"; path = "../DiaBLE Watch/DiaBLE Watch.entitlements"; sourceTree = "<group>"; };
		C5AAA6152981CF7000CA3EC1 /* DiaBLE.app */ = {isa = PBXFileReference; explicitFileType = wrapper.application; includeInIndex = 0; path = DiaBLE.app; sourceTree = BUILT_PRODUCTS_DIR; };
		C5AAA6182981CF7000CA3EC1 /* App.swift */ = {isa = PBXFileReference; lastKnownFileType = sourcecode.swift; path = App.swift; sourceTree = "<group>"; };
		C5AAA61C2981CF7200CA3EC1 /* Assets.xcassets */ = {isa = PBXFileReference; lastKnownFileType = folder.assetcatalog; path = Assets.xcassets; sourceTree = "<group>"; };
		C5AAA61E2981CF7200CA3EC1 /* DiaBLE.entitlements */ = {isa = PBXFileReference; lastKnownFileType = text.plist.entitlements; path = DiaBLE.entitlements; sourceTree = "<group>"; };
		C5BF60A72A66630D005DC208 /* Gen2.swift */ = {isa = PBXFileReference; fileEncoding = 4; lastKnownFileType = sourcecode.swift; path = Gen2.swift; sourceTree = "<group>"; };
		C5DED87529899B8A00164AEF /* Info.plist */ = {isa = PBXFileReference; lastKnownFileType = text.plist.xml; path = Info.plist; sourceTree = "<group>"; };
		C5E015DF2989B0EA00F6EDF9 /* README.md */ = {isa = PBXFileReference; fileEncoding = 4; lastKnownFileType = net.daringfireball.markdown; path = README.md; sourceTree = "<group>"; };
		C5E015E22989B0F600F6EDF9 /* TODO.md */ = {isa = PBXFileReference; fileEncoding = 4; lastKnownFileType = net.daringfireball.markdown; path = TODO.md; sourceTree = "<group>"; };
		C5E015E52989B10500F6EDF9 /* LICENSE.md */ = {isa = PBXFileReference; fileEncoding = 4; lastKnownFileType = net.daringfireball.markdown; path = LICENSE.md; sourceTree = "<group>"; };
		C5E4004429825C710021C6B7 /* alarm_high.mp3 */ = {isa = PBXFileReference; lastKnownFileType = audio.mp3; path = alarm_high.mp3; sourceTree = "<group>"; };
		C5E4004529825C710021C6B7 /* alarm_low.mp3 */ = {isa = PBXFileReference; lastKnownFileType = audio.mp3; path = alarm_low.mp3; sourceTree = "<group>"; };
		C5E4004629825C710021C6B7 /* alarm_signal_loss.mp3 */ = {isa = PBXFileReference; lastKnownFileType = audio.mp3; path = alarm_signal_loss.mp3; sourceTree = "<group>"; };
		C5E4004E29825C930021C6B7 /* DataView.swift */ = {isa = PBXFileReference; fileEncoding = 4; lastKnownFileType = sourcecode.swift; path = DataView.swift; sourceTree = "<group>"; };
		C5E4004F29825C930021C6B7 /* SettingsView.swift */ = {isa = PBXFileReference; fileEncoding = 4; lastKnownFileType = sourcecode.swift; path = SettingsView.swift; sourceTree = "<group>"; };
		C5E4005029825C930021C6B7 /* Details.swift */ = {isa = PBXFileReference; fileEncoding = 4; lastKnownFileType = sourcecode.swift; path = Details.swift; sourceTree = "<group>"; };
		C5E4005129825C930021C6B7 /* ViewRepresentables.swift */ = {isa = PBXFileReference; fileEncoding = 4; lastKnownFileType = sourcecode.swift; path = ViewRepresentables.swift; sourceTree = "<group>"; };
		C5E4005229825C930021C6B7 /* Console.swift */ = {isa = PBXFileReference; fileEncoding = 4; lastKnownFileType = sourcecode.swift; path = Console.swift; sourceTree = "<group>"; };
		C5E4005329825C930021C6B7 /* Graph.swift */ = {isa = PBXFileReference; fileEncoding = 4; lastKnownFileType = sourcecode.swift; path = Graph.swift; sourceTree = "<group>"; };
		C5E4005429825C930021C6B7 /* OnlineView.swift */ = {isa = PBXFileReference; fileEncoding = 4; lastKnownFileType = sourcecode.swift; path = OnlineView.swift; sourceTree = "<group>"; };
		C5E4005529825C930021C6B7 /* Monitor.swift */ = {isa = PBXFileReference; fileEncoding = 4; lastKnownFileType = sourcecode.swift; path = Monitor.swift; sourceTree = "<group>"; };
		C5E4005629825C930021C6B7 /* Plan.swift */ = {isa = PBXFileReference; fileEncoding = 4; lastKnownFileType = sourcecode.swift; path = Plan.swift; sourceTree = "<group>"; };
		C5E4005729825C930021C6B7 /* ContentView.swift */ = {isa = PBXFileReference; fileEncoding = 4; lastKnownFileType = sourcecode.swift; path = ContentView.swift; sourceTree = "<group>"; };
		C5E4005829825C930021C6B7 /* HamburgerMenu.swift */ = {isa = PBXFileReference; fileEncoding = 4; lastKnownFileType = sourcecode.swift; path = HamburgerMenu.swift; sourceTree = "<group>"; };
		C5E4006429825D1F0021C6B7 /* Extensions.swift */ = {isa = PBXFileReference; fileEncoding = 4; lastKnownFileType = sourcecode.swift; path = Extensions.swift; sourceTree = "<group>"; };
		C5E4006729825DCD0021C6B7 /* Settings.swift */ = {isa = PBXFileReference; fileEncoding = 4; lastKnownFileType = sourcecode.swift; path = Settings.swift; sourceTree = "<group>"; };
		C5E4006A29825DDD0021C6B7 /* Bluetooth.swift */ = {isa = PBXFileReference; fileEncoding = 4; lastKnownFileType = sourcecode.swift; path = Bluetooth.swift; sourceTree = "<group>"; };
		C5E4006D29825DEA0021C6B7 /* Device.swift */ = {isa = PBXFileReference; fileEncoding = 4; lastKnownFileType = sourcecode.swift; path = Device.swift; sourceTree = "<group>"; };
		C5E4007029825DF50021C6B7 /* BluetoothDelegate.swift */ = {isa = PBXFileReference; fileEncoding = 4; lastKnownFileType = sourcecode.swift; path = BluetoothDelegate.swift; sourceTree = "<group>"; };
		C5E4007329825E050021C6B7 /* MainDelegate.swift */ = {isa = PBXFileReference; fileEncoding = 4; lastKnownFileType = sourcecode.swift; path = MainDelegate.swift; sourceTree = "<group>"; };
		C5E4007529825E370021C6B7 /* Glucose.swift */ = {isa = PBXFileReference; fileEncoding = 4; lastKnownFileType = sourcecode.swift; path = Glucose.swift; sourceTree = "<group>"; };
		C5E4007829825E450021C6B7 /* Sensor.swift */ = {isa = PBXFileReference; fileEncoding = 4; lastKnownFileType = sourcecode.swift; path = Sensor.swift; sourceTree = "<group>"; };
		C5E4007B29825E4E0021C6B7 /* Abbott.swift */ = {isa = PBXFileReference; fileEncoding = 4; lastKnownFileType = sourcecode.swift; path = Abbott.swift; sourceTree = "<group>"; };
		C5E4008129825E8B0021C6B7 /* Libre2.swift */ = {isa = PBXFileReference; fileEncoding = 4; lastKnownFileType = sourcecode.swift; path = Libre2.swift; sourceTree = "<group>"; };
		C5E4008429825E990021C6B7 /* Libre3.swift */ = {isa = PBXFileReference; fileEncoding = 4; lastKnownFileType = sourcecode.swift; path = Libre3.swift; sourceTree = "<group>"; };
		C5E4008A29825EC40021C6B7 /* Events.swift */ = {isa = PBXFileReference; fileEncoding = 4; lastKnownFileType = sourcecode.swift; path = Events.swift; sourceTree = "<group>"; };
		C5E4008C29825ED00021C6B7 /* Health.swift */ = {isa = PBXFileReference; fileEncoding = 4; lastKnownFileType = sourcecode.swift; path = Health.swift; sourceTree = "<group>"; };
		C5E4008F29825EED0021C6B7 /* NFC.swift */ = {isa = PBXFileReference; fileEncoding = 4; lastKnownFileType = sourcecode.swift; path = NFC.swift; sourceTree = "<group>"; };
		C5E4009529825F120021C6B7 /* LibreLink.swift */ = {isa = PBXFileReference; fileEncoding = 4; lastKnownFileType = sourcecode.swift; path = LibreLink.swift; sourceTree = "<group>"; };
		C5E4009829825F1C0021C6B7 /* Nightscout.swift */ = {isa = PBXFileReference; fileEncoding = 4; lastKnownFileType = sourcecode.swift; path = Nightscout.swift; sourceTree = "<group>"; };
		C5E4009B29825F250021C6B7 /* OOP.swift */ = {isa = PBXFileReference; fileEncoding = 4; lastKnownFileType = sourcecode.swift; path = OOP.swift; sourceTree = "<group>"; };
		C5E4009E29825F580021C6B7 /* company_ids.json */ = {isa = PBXFileReference; fileEncoding = 4; lastKnownFileType = text.json; path = company_ids.json; sourceTree = "<group>"; };
/* End PBXFileReference section */

/* Begin PBXFrameworksBuildPhase section */
		C59960DC2981E381005999C2 /* Frameworks */ = {
			isa = PBXFrameworksBuildPhase;
			buildActionMask = 2147483647;
			files = (
				C55D12B729ACB9CB0050F567 /* CryptoSwift in Frameworks */,
			);
			runOnlyForDeploymentPostprocessing = 0;
		};
		C5AAA6122981CF7000CA3EC1 /* Frameworks */ = {
			isa = PBXFrameworksBuildPhase;
			buildActionMask = 2147483647;
			files = (
				C535AEB62AB3431F00AB61AD /* RealmSwift in Frameworks */,
				C535AEB42AB3431F00AB61AD /* Realm in Frameworks */,
				C55D12B229ACAE8F0050F567 /* CryptoSwift in Frameworks */,
			);
			runOnlyForDeploymentPostprocessing = 0;
		};
/* End PBXFrameworksBuildPhase section */

/* Begin PBXGroup section */
		C5916E4529827E860051AC06 /* Views */ = {
			isa = PBXGroup;
			children = (
				C5916E4D29827E860051AC06 /* ContentView.swift */,
				C5916E4C29827E860051AC06 /* Monitor.swift */,
				C5916E4A29827E860051AC06 /* Graph.swift */,
				C5916E4829827E860051AC06 /* Details.swift */,
				C5916E4B29827E860051AC06 /* OnlineView.swift */,
				C5916E4929827E860051AC06 /* Console.swift */,
				C5916E4729827E860051AC06 /* SettingsView.swift */,
				C5916E4629827E860051AC06 /* DataView.swift */,
			);
			path = Views;
			sourceTree = "<group>";
		};
		C59960E02981E381005999C2 /* DiaBLE Watch */ = {
			isa = PBXGroup;
			children = (
				C5916E4529827E860051AC06 /* Views */,
				C5916E5629827EB10051AC06 /* MainDelegate.swift */,
				C5DED87529899B8A00164AEF /* Info.plist */,
				C5A14842298985E000A0E510 /* DiaBLE Watch.entitlements */,
			);
			path = "DiaBLE Watch";
			sourceTree = "<group>";
		};
		C5AAA60C2981CF7000CA3EC1 = {
			isa = PBXGroup;
			children = (
				49DE8D3329AFFB3000BB7CF4 /* DiaBLE.xcconfig */,
				49DE8D3429AFFB3000BB7CF4 /* DiaBLEOverride.xcconfig */,
				C5E015DF2989B0EA00F6EDF9 /* README.md */,
				C5E015E22989B0F600F6EDF9 /* TODO.md */,
				C5E015E52989B10500F6EDF9 /* LICENSE.md */,
				C5AAA6172981CF7000CA3EC1 /* DiaBLE */,
				C59960E02981E381005999C2 /* DiaBLE Watch */,
				C5AAA6162981CF7000CA3EC1 /* Products */,
				C5BE8E5A29916D3600604237 /* Frameworks */,
			);
			sourceTree = "<group>";
		};
		C5AAA6162981CF7000CA3EC1 /* Products */ = {
			isa = PBXGroup;
			children = (
				C5AAA6152981CF7000CA3EC1 /* DiaBLE.app */,
				C59960DF2981E381005999C2 /* DiaBLE Watch.app */,
			);
			name = Products;
			sourceTree = "<group>";
		};
		C5AAA6172981CF7000CA3EC1 /* DiaBLE */ = {
			isa = PBXGroup;
			children = (
				C5E4004329825C710021C6B7 /* Media */,
				C5E4004D29825C930021C6B7 /* Views */,
				C5E4006429825D1F0021C6B7 /* Extensions.swift */,
				C5AAA6182981CF7000CA3EC1 /* App.swift */,
				C5E4006729825DCD0021C6B7 /* Settings.swift */,
				C5E4006A29825DDD0021C6B7 /* Bluetooth.swift */,
				C5E4006D29825DEA0021C6B7 /* Device.swift */,
				C5E4007029825DF50021C6B7 /* BluetoothDelegate.swift */,
				C5E4007329825E050021C6B7 /* MainDelegate.swift */,
				C5E4007529825E370021C6B7 /* Glucose.swift */,
				C5E4007829825E450021C6B7 /* Sensor.swift */,
				C55D12B329ACB5E00050F567 /* Crypto.swift */,
				C5E4007B29825E4E0021C6B7 /* Abbott.swift */,
				C5E4008129825E8B0021C6B7 /* Libre2.swift */,
				C5BF60A72A66630D005DC208 /* Gen2.swift */,
				C5E4008429825E990021C6B7 /* Libre3.swift */,
				C5E4008A29825EC40021C6B7 /* Events.swift */,
				C5E4008C29825ED00021C6B7 /* Health.swift */,
				C5E4008F29825EED0021C6B7 /* NFC.swift */,
				C535AEB72AB343AE00AB61AD /* Realm.swift */,
				C50B9AD22AA7396500FF1EA3 /* ConsoleTools.swift */,
				C5E4009529825F120021C6B7 /* LibreLink.swift */,
				C5E4009829825F1C0021C6B7 /* Nightscout.swift */,
				C5E4009B29825F250021C6B7 /* OOP.swift */,
				C5E4009E29825F580021C6B7 /* company_ids.json */,
				C5AAA61C2981CF7200CA3EC1 /* Assets.xcassets */,
				C53F77C529894478004F275A /* Info.plist */,
				C5AAA61E2981CF7200CA3EC1 /* DiaBLE.entitlements */,
			);
			path = DiaBLE;
			sourceTree = "<group>";
		};
		C5BE8E5A29916D3600604237 /* Frameworks */ = {
			isa = PBXGroup;
			children = (
			);
			name = Frameworks;
			sourceTree = "<group>";
		};
		C5E4004329825C710021C6B7 /* Media */ = {
			isa = PBXGroup;
			children = (
				C5E4004429825C710021C6B7 /* alarm_high.mp3 */,
				C5E4004529825C710021C6B7 /* alarm_low.mp3 */,
				C5E4004629825C710021C6B7 /* alarm_signal_loss.mp3 */,
			);
			path = Media;
			sourceTree = "<group>";
		};
		C5E4004D29825C930021C6B7 /* Views */ = {
			isa = PBXGroup;
			children = (
				C5E4005729825C930021C6B7 /* ContentView.swift */,
				C5E4005529825C930021C6B7 /* Monitor.swift */,
				C5E4005829825C930021C6B7 /* HamburgerMenu.swift */,
				C5E4005329825C930021C6B7 /* Graph.swift */,
				C5E4005029825C930021C6B7 /* Details.swift */,
				C5E4005429825C930021C6B7 /* OnlineView.swift */,
				C5E4005229825C930021C6B7 /* Console.swift */,
				C5E4004F29825C930021C6B7 /* SettingsView.swift */,
				C5E4004E29825C930021C6B7 /* DataView.swift */,
				C5E4005629825C930021C6B7 /* Plan.swift */,
				C5E4005129825C930021C6B7 /* ViewRepresentables.swift */,
			);
			path = Views;
			sourceTree = "<group>";
		};
/* End PBXGroup section */

/* Begin PBXNativeTarget section */
		C59960DE2981E381005999C2 /* DiaBLE Watch */ = {
			isa = PBXNativeTarget;
			buildConfigurationList = C59960EC2981E383005999C2 /* Build configuration list for PBXNativeTarget "DiaBLE Watch" */;
			buildPhases = (
				C59960DB2981E381005999C2 /* Sources */,
				C59960DC2981E381005999C2 /* Frameworks */,
				C59960DD2981E381005999C2 /* Resources */,
			);
			buildRules = (
			);
			dependencies = (
			);
			name = "DiaBLE Watch";
			packageProductDependencies = (
				C55D12B629ACB9CB0050F567 /* CryptoSwift */,
			);
			productName = "DiaBLE Watch Watch App";
			productReference = C59960DF2981E381005999C2 /* DiaBLE Watch.app */;
			productType = "com.apple.product-type.application";
		};
		C5AAA6142981CF7000CA3EC1 /* DiaBLE */ = {
			isa = PBXNativeTarget;
			buildConfigurationList = C5AAA6242981CF7200CA3EC1 /* Build configuration list for PBXNativeTarget "DiaBLE" */;
			buildPhases = (
				C5AAA6112981CF7000CA3EC1 /* Sources */,
				C5AAA6122981CF7000CA3EC1 /* Frameworks */,
				C5AAA6132981CF7000CA3EC1 /* Resources */,
				C5BE8E5E29916D3600604237 /* Embed Watch Content */,
			);
			buildRules = (
			);
			dependencies = (
				C5BE8E5D29916D3600604237 /* PBXTargetDependency */,
			);
			name = DiaBLE;
			packageProductDependencies = (
				C55D12B129ACAE8F0050F567 /* CryptoSwift */,
				C535AEB32AB3431F00AB61AD /* Realm */,
				C535AEB52AB3431F00AB61AD /* RealmSwift */,
			);
			productName = DiaBLE;
			productReference = C5AAA6152981CF7000CA3EC1 /* DiaBLE.app */;
			productType = "com.apple.product-type.application";
		};
/* End PBXNativeTarget section */

/* Begin PBXProject section */
		C5AAA60D2981CF7000CA3EC1 /* Project object */ = {
			isa = PBXProject;
			attributes = {
				BuildIndependentTargetsInParallel = 1;
				LastSwiftUpdateCheck = 1420;
				LastUpgradeCheck = 1500;
				TargetAttributes = {
					C59960DE2981E381005999C2 = {
						CreatedOnToolsVersion = 14.2;
					};
					C5AAA6142981CF7000CA3EC1 = {
						CreatedOnToolsVersion = 14.2;
					};
				};
			};
			buildConfigurationList = C5AAA6102981CF7000CA3EC1 /* Build configuration list for PBXProject "DiaBLE" */;
			compatibilityVersion = "Xcode 14.0";
			developmentRegion = en;
			hasScannedForEncodings = 0;
			knownRegions = (
				en,
				Base,
			);
			mainGroup = C5AAA60C2981CF7000CA3EC1;
			packageReferences = (
				C55D12B029ACAE8F0050F567 /* XCRemoteSwiftPackageReference "CryptoSwift" */,
				C535AEB22AB3431F00AB61AD /* XCRemoteSwiftPackageReference "realm-swift" */,
			);
			productRefGroup = C5AAA6162981CF7000CA3EC1 /* Products */;
			projectDirPath = "";
			projectRoot = "";
			targets = (
				C5AAA6142981CF7000CA3EC1 /* DiaBLE */,
				C59960DE2981E381005999C2 /* DiaBLE Watch */,
			);
		};
/* End PBXProject section */

/* Begin PBXResourcesBuildPhase section */
		C59960DD2981E381005999C2 /* Resources */ = {
			isa = PBXResourcesBuildPhase;
			buildActionMask = 2147483647;
			files = (
				C5E015E12989B0EA00F6EDF9 /* README.md in Resources */,
				C5E400A029825F580021C6B7 /* company_ids.json in Resources */,
				C5E015E42989B0F600F6EDF9 /* TODO.md in Resources */,
				C5E4004A29825C710021C6B7 /* alarm_low.mp3 in Resources */,
				C5E015E72989B10500F6EDF9 /* LICENSE.md in Resources */,
				C5E4004C29825C710021C6B7 /* alarm_signal_loss.mp3 in Resources */,
				C5E4004829825C710021C6B7 /* alarm_high.mp3 in Resources */,
				C59184472981E9B000A6DA89 /* Assets.xcassets in Resources */,
			);
			runOnlyForDeploymentPostprocessing = 0;
		};
		C5AAA6132981CF7000CA3EC1 /* Resources */ = {
			isa = PBXResourcesBuildPhase;
			buildActionMask = 2147483647;
			files = (
				C5E015E02989B0EA00F6EDF9 /* README.md in Resources */,
				C5E4009F29825F580021C6B7 /* company_ids.json in Resources */,
				C5E015E32989B0F600F6EDF9 /* TODO.md in Resources */,
				C5E4004929825C710021C6B7 /* alarm_low.mp3 in Resources */,
				C5E015E62989B10500F6EDF9 /* LICENSE.md in Resources */,
				C5E4004B29825C710021C6B7 /* alarm_signal_loss.mp3 in Resources */,
				C5E4004729825C710021C6B7 /* alarm_high.mp3 in Resources */,
				C5AAA61D2981CF7200CA3EC1 /* Assets.xcassets in Resources */,
			);
			runOnlyForDeploymentPostprocessing = 0;
		};
/* End PBXResourcesBuildPhase section */

/* Begin PBXSourcesBuildPhase section */
		C59960DB2981E381005999C2 /* Sources */ = {
			isa = PBXSourcesBuildPhase;
			buildActionMask = 2147483647;
			files = (
				C59184462981E73400A6DA89 /* App.swift in Sources */,
				C5E4007D29825E4E0021C6B7 /* Abbott.swift in Sources */,
				C5916E5529827E860051AC06 /* ContentView.swift in Sources */,
				C5E4006C29825DDE0021C6B7 /* Bluetooth.swift in Sources */,
				C5916E4E29827E860051AC06 /* DataView.swift in Sources */,
				C5916E5429827E860051AC06 /* Monitor.swift in Sources */,
				C5E4008629825E990021C6B7 /* Libre3.swift in Sources */,
				C5E4007729825E370021C6B7 /* Glucose.swift in Sources */,
				C5916E5729827EB10051AC06 /* MainDelegate.swift in Sources */,
				C5E4006629825D1F0021C6B7 /* Extensions.swift in Sources */,
				C5916E5029827E860051AC06 /* Details.swift in Sources */,
				C55D12B529ACB5E00050F567 /* Crypto.swift in Sources */,
				C5916E5229827E860051AC06 /* Graph.swift in Sources */,
				C5E4007A29825E450021C6B7 /* Sensor.swift in Sources */,
				C5BF60A92A66630D005DC208 /* Gen2.swift in Sources */,
				C5E4009729825F120021C6B7 /* LibreLink.swift in Sources */,
				C5E4008329825E8B0021C6B7 /* Libre2.swift in Sources */,
				C5E4006F29825DEA0021C6B7 /* Device.swift in Sources */,
				C5E4009129825EEE0021C6B7 /* NFC.swift in Sources */,
				C5E4009D29825F260021C6B7 /* OOP.swift in Sources */,
				C5E4006929825DCD0021C6B7 /* Settings.swift in Sources */,
				C5916E5129827E860051AC06 /* Console.swift in Sources */,
				C5E4008E29825ED00021C6B7 /* Health.swift in Sources */,
				C5E4007229825DF50021C6B7 /* BluetoothDelegate.swift in Sources */,
				C5916E5329827E860051AC06 /* OnlineView.swift in Sources */,
				C5E4009A29825F1C0021C6B7 /* Nightscout.swift in Sources */,
				C5916E4F29827E860051AC06 /* SettingsView.swift in Sources */,
			);
			runOnlyForDeploymentPostprocessing = 0;
		};
		C5AAA6112981CF7000CA3EC1 /* Sources */ = {
			isa = PBXSourcesBuildPhase;
			buildActionMask = 2147483647;
			files = (
				C5E4008B29825EC40021C6B7 /* Events.swift in Sources */,
				C5E4005E29825C930021C6B7 /* Graph.swift in Sources */,
				C5E4007929825E450021C6B7 /* Sensor.swift in Sources */,
				C5E4009029825EEE0021C6B7 /* NFC.swift in Sources */,
				C55D12B429ACB5E00050F567 /* Crypto.swift in Sources */,
				C5E4006B29825DDE0021C6B7 /* Bluetooth.swift in Sources */,
				C5E4007129825DF50021C6B7 /* BluetoothDelegate.swift in Sources */,
				C5E4005929825C930021C6B7 /* DataView.swift in Sources */,
				C5E4006229825C930021C6B7 /* ContentView.swift in Sources */,
				C5E4008D29825ED00021C6B7 /* Health.swift in Sources */,
				C5E4008229825E8B0021C6B7 /* Libre2.swift in Sources */,
				C5E4005C29825C930021C6B7 /* ViewRepresentables.swift in Sources */,
				C5E4006829825DCD0021C6B7 /* Settings.swift in Sources */,
				C5E4005F29825C930021C6B7 /* OnlineView.swift in Sources */,
				C5E4006E29825DEA0021C6B7 /* Device.swift in Sources */,
				C5E4006129825C930021C6B7 /* Plan.swift in Sources */,
				C5E4009929825F1C0021C6B7 /* Nightscout.swift in Sources */,
				C5E4005B29825C930021C6B7 /* Details.swift in Sources */,
				C5E4009C29825F260021C6B7 /* OOP.swift in Sources */,
				C5E4005D29825C930021C6B7 /* Console.swift in Sources */,
				C5E4006529825D1F0021C6B7 /* Extensions.swift in Sources */,
				C5E4006029825C930021C6B7 /* Monitor.swift in Sources */,
				C5E4008529825E990021C6B7 /* Libre3.swift in Sources */,
				C5BF60A82A66630D005DC208 /* Gen2.swift in Sources */,
				C535AEB82AB343AE00AB61AD /* Realm.swift in Sources */,
				C5E4006329825C930021C6B7 /* HamburgerMenu.swift in Sources */,
				C5E4007429825E050021C6B7 /* MainDelegate.swift in Sources */,
				C5E4005A29825C930021C6B7 /* SettingsView.swift in Sources */,
				C5E4007629825E370021C6B7 /* Glucose.swift in Sources */,
				C5AAA6192981CF7000CA3EC1 /* App.swift in Sources */,
				C5E4009629825F120021C6B7 /* LibreLink.swift in Sources */,
				C50B9AD32AA7396500FF1EA3 /* ConsoleTools.swift in Sources */,
				C5E4007C29825E4E0021C6B7 /* Abbott.swift in Sources */,
			);
			runOnlyForDeploymentPostprocessing = 0;
		};
/* End PBXSourcesBuildPhase section */

/* Begin PBXTargetDependency section */
		C5BE8E5D29916D3600604237 /* PBXTargetDependency */ = {
			isa = PBXTargetDependency;
			platformFilter = ios;
			target = C59960DE2981E381005999C2 /* DiaBLE Watch */;
			targetProxy = C5BE8E5C29916D3600604237 /* PBXContainerItemProxy */;
		};
/* End PBXTargetDependency section */

/* Begin XCBuildConfiguration section */
		C59960EA2981E383005999C2 /* Debug */ = {
			isa = XCBuildConfiguration;
			baseConfigurationReference = 49DE8D3329AFFB3000BB7CF4 /* DiaBLE.xcconfig */;
			buildSettings = {
				ASSETCATALOG_COMPILER_APPICON_NAME = AppIcon;
				ASSETCATALOG_COMPILER_GLOBAL_ACCENT_COLOR_NAME = AccentColor;
				CODE_SIGN_ENTITLEMENTS = "DiaBLE Watch/DiaBLE Watch.entitlements";
				CODE_SIGN_STYLE = Automatic;
				CURRENT_PROJECT_VERSION = 50;
				DEVELOPMENT_TEAM = "$(DEVELOPMENT_TEAM)";
				ENABLE_PREVIEWS = YES;
				GENERATE_INFOPLIST_FILE = YES;
				INFOPLIST_FILE = "DiaBLE Watch/Info.plist";
				INFOPLIST_KEY_CFBundleDisplayName = DiaBLE;
				INFOPLIST_KEY_LSApplicationCategoryType = "public.app-category.healthcare-fitness";
				INFOPLIST_KEY_NSBluetoothAlwaysUsageDescription = "DiaBLE uses Bluetooth to receive glucose data from Libre sensors.";
				INFOPLIST_KEY_NSHealthShareUsageDescription = "DiaBLE reads blood glucose and insulin delivery data.";
				INFOPLIST_KEY_NSHealthUpdateUsageDescription = "DiaBLE tracks your blood glucose and saves the insulin delivery data.";
				INFOPLIST_KEY_NSRemindersUsageDescription = "DiaBLE reminds to check the glucose level at scheduled times.";
				INFOPLIST_KEY_UISupportedInterfaceOrientations = "UIInterfaceOrientationPortrait UIInterfaceOrientationPortraitUpsideDown";
				INFOPLIST_KEY_WKCompanionAppBundleIdentifier = "$(WATCHKIT_COMPANION_APP)";
				INFOPLIST_KEY_WKRunsIndependentlyOfCompanionApp = YES;
				LD_RUNPATH_SEARCH_PATHS = (
					"$(inherited)",
					"@executable_path/Frameworks",
				);
				MARKETING_VERSION = 0.0.1;
				PRODUCT_BUNDLE_IDENTIFIER = "$(PRODUCT_BUNDLE_IDENTIFIER).watchkitapp";
				PRODUCT_NAME = "$(TARGET_NAME)";
				SDKROOT = watchos;
				SKIP_INSTALL = YES;
				SWIFT_EMIT_LOC_STRINGS = YES;
				SWIFT_VERSION = 5.0;
				TARGETED_DEVICE_FAMILY = 4;
				WATCHOS_DEPLOYMENT_TARGET = 10.0;
			};
			name = Debug;
		};
		C59960EB2981E383005999C2 /* Release */ = {
			isa = XCBuildConfiguration;
			baseConfigurationReference = 49DE8D3329AFFB3000BB7CF4 /* DiaBLE.xcconfig */;
			buildSettings = {
				ASSETCATALOG_COMPILER_APPICON_NAME = AppIcon;
				ASSETCATALOG_COMPILER_GLOBAL_ACCENT_COLOR_NAME = AccentColor;
				CODE_SIGN_ENTITLEMENTS = "DiaBLE Watch/DiaBLE Watch.entitlements";
				CODE_SIGN_STYLE = Automatic;
				CURRENT_PROJECT_VERSION = 50;
				DEVELOPMENT_TEAM = "$(DEVELOPMENT_TEAM)";
				ENABLE_PREVIEWS = YES;
				GENERATE_INFOPLIST_FILE = YES;
				INFOPLIST_FILE = "DiaBLE Watch/Info.plist";
				INFOPLIST_KEY_CFBundleDisplayName = DiaBLE;
				INFOPLIST_KEY_LSApplicationCategoryType = "public.app-category.healthcare-fitness";
				INFOPLIST_KEY_NSBluetoothAlwaysUsageDescription = "DiaBLE uses Bluetooth to receive glucose data from Libre sensors.";
				INFOPLIST_KEY_NSHealthShareUsageDescription = "DiaBLE reads blood glucose and insulin delivery data.";
				INFOPLIST_KEY_NSHealthUpdateUsageDescription = "DiaBLE tracks your blood glucose and saves the insulin delivery data.";
				INFOPLIST_KEY_NSRemindersUsageDescription = "DiaBLE reminds to check the glucose level at scheduled times.";
				INFOPLIST_KEY_UISupportedInterfaceOrientations = "UIInterfaceOrientationPortrait UIInterfaceOrientationPortraitUpsideDown";
				INFOPLIST_KEY_WKCompanionAppBundleIdentifier = "$(WATCHKIT_COMPANION_APP)";
				INFOPLIST_KEY_WKRunsIndependentlyOfCompanionApp = YES;
				LD_RUNPATH_SEARCH_PATHS = (
					"$(inherited)",
					"@executable_path/Frameworks",
				);
				MARKETING_VERSION = 0.0.1;
				PRODUCT_BUNDLE_IDENTIFIER = "$(PRODUCT_BUNDLE_IDENTIFIER).watchkitapp";
				PRODUCT_NAME = "$(TARGET_NAME)";
				SDKROOT = watchos;
				SKIP_INSTALL = YES;
				SWIFT_EMIT_LOC_STRINGS = YES;
				SWIFT_VERSION = 5.0;
				TARGETED_DEVICE_FAMILY = 4;
				VALIDATE_PRODUCT = YES;
				WATCHOS_DEPLOYMENT_TARGET = 10.0;
			};
			name = Release;
		};
		C5AAA6222981CF7200CA3EC1 /* Debug */ = {
			isa = XCBuildConfiguration;
			buildSettings = {
				ALWAYS_SEARCH_USER_PATHS = NO;
				ASSETCATALOG_COMPILER_GENERATE_SWIFT_ASSET_SYMBOL_EXTENSIONS = YES;
				CLANG_ANALYZER_NONNULL = YES;
				CLANG_ANALYZER_NUMBER_OBJECT_CONVERSION = YES_AGGRESSIVE;
				CLANG_CXX_LANGUAGE_STANDARD = "gnu++20";
				CLANG_ENABLE_MODULES = YES;
				CLANG_ENABLE_OBJC_ARC = YES;
				CLANG_ENABLE_OBJC_WEAK = YES;
				CLANG_WARN_BLOCK_CAPTURE_AUTORELEASING = YES;
				CLANG_WARN_BOOL_CONVERSION = YES;
				CLANG_WARN_COMMA = YES;
				CLANG_WARN_CONSTANT_CONVERSION = YES;
				CLANG_WARN_DEPRECATED_OBJC_IMPLEMENTATIONS = YES;
				CLANG_WARN_DIRECT_OBJC_ISA_USAGE = YES_ERROR;
				CLANG_WARN_DOCUMENTATION_COMMENTS = YES;
				CLANG_WARN_EMPTY_BODY = YES;
				CLANG_WARN_ENUM_CONVERSION = YES;
				CLANG_WARN_INFINITE_RECURSION = YES;
				CLANG_WARN_INT_CONVERSION = YES;
				CLANG_WARN_NON_LITERAL_NULL_CONVERSION = YES;
				CLANG_WARN_OBJC_IMPLICIT_RETAIN_SELF = YES;
				CLANG_WARN_OBJC_LITERAL_CONVERSION = YES;
				CLANG_WARN_OBJC_ROOT_CLASS = YES_ERROR;
				CLANG_WARN_QUOTED_INCLUDE_IN_FRAMEWORK_HEADER = YES;
				CLANG_WARN_RANGE_LOOP_ANALYSIS = YES;
				CLANG_WARN_STRICT_PROTOTYPES = YES;
				CLANG_WARN_SUSPICIOUS_MOVE = YES;
				CLANG_WARN_UNGUARDED_AVAILABILITY = YES_AGGRESSIVE;
				CLANG_WARN_UNREACHABLE_CODE = YES;
				CLANG_WARN__DUPLICATE_METHOD_MATCH = YES;
				COPY_PHASE_STRIP = NO;
				DEAD_CODE_STRIPPING = YES;
				DEBUG_INFORMATION_FORMAT = dwarf;
				ENABLE_STRICT_OBJC_MSGSEND = YES;
				ENABLE_TESTABILITY = YES;
				ENABLE_USER_SCRIPT_SANDBOXING = YES;
				GCC_C_LANGUAGE_STANDARD = gnu11;
				GCC_DYNAMIC_NO_PIC = NO;
				GCC_NO_COMMON_BLOCKS = YES;
				GCC_OPTIMIZATION_LEVEL = 0;
				GCC_PREPROCESSOR_DEFINITIONS = (
					"DEBUG=1",
					"$(inherited)",
				);
				GCC_WARN_64_TO_32_BIT_CONVERSION = YES;
				GCC_WARN_ABOUT_RETURN_TYPE = YES_ERROR;
				GCC_WARN_UNDECLARED_SELECTOR = YES;
				GCC_WARN_UNINITIALIZED_AUTOS = YES_AGGRESSIVE;
				GCC_WARN_UNUSED_FUNCTION = YES;
				GCC_WARN_UNUSED_VARIABLE = YES;
				IPHONEOS_DEPLOYMENT_TARGET = 17.0;
				MACOSX_DEPLOYMENT_TARGET = 14.0;
				MTL_ENABLE_DEBUG_INFO = INCLUDE_SOURCE;
				MTL_FAST_MATH = YES;
				ONLY_ACTIVE_ARCH = YES;
				SWIFT_ACTIVE_COMPILATION_CONDITIONS = DEBUG;
				SWIFT_OPTIMIZATION_LEVEL = "-Onone";
				WATCHOS_DEPLOYMENT_TARGET = 10.0;
			};
			name = Debug;
		};
		C5AAA6232981CF7200CA3EC1 /* Release */ = {
			isa = XCBuildConfiguration;
			buildSettings = {
				ALWAYS_SEARCH_USER_PATHS = NO;
				ASSETCATALOG_COMPILER_GENERATE_SWIFT_ASSET_SYMBOL_EXTENSIONS = YES;
				CLANG_ANALYZER_NONNULL = YES;
				CLANG_ANALYZER_NUMBER_OBJECT_CONVERSION = YES_AGGRESSIVE;
				CLANG_CXX_LANGUAGE_STANDARD = "gnu++20";
				CLANG_ENABLE_MODULES = YES;
				CLANG_ENABLE_OBJC_ARC = YES;
				CLANG_ENABLE_OBJC_WEAK = YES;
				CLANG_WARN_BLOCK_CAPTURE_AUTORELEASING = YES;
				CLANG_WARN_BOOL_CONVERSION = YES;
				CLANG_WARN_COMMA = YES;
				CLANG_WARN_CONSTANT_CONVERSION = YES;
				CLANG_WARN_DEPRECATED_OBJC_IMPLEMENTATIONS = YES;
				CLANG_WARN_DIRECT_OBJC_ISA_USAGE = YES_ERROR;
				CLANG_WARN_DOCUMENTATION_COMMENTS = YES;
				CLANG_WARN_EMPTY_BODY = YES;
				CLANG_WARN_ENUM_CONVERSION = YES;
				CLANG_WARN_INFINITE_RECURSION = YES;
				CLANG_WARN_INT_CONVERSION = YES;
				CLANG_WARN_NON_LITERAL_NULL_CONVERSION = YES;
				CLANG_WARN_OBJC_IMPLICIT_RETAIN_SELF = YES;
				CLANG_WARN_OBJC_LITERAL_CONVERSION = YES;
				CLANG_WARN_OBJC_ROOT_CLASS = YES_ERROR;
				CLANG_WARN_QUOTED_INCLUDE_IN_FRAMEWORK_HEADER = YES;
				CLANG_WARN_RANGE_LOOP_ANALYSIS = YES;
				CLANG_WARN_STRICT_PROTOTYPES = YES;
				CLANG_WARN_SUSPICIOUS_MOVE = YES;
				CLANG_WARN_UNGUARDED_AVAILABILITY = YES_AGGRESSIVE;
				CLANG_WARN_UNREACHABLE_CODE = YES;
				CLANG_WARN__DUPLICATE_METHOD_MATCH = YES;
				COPY_PHASE_STRIP = NO;
				DEAD_CODE_STRIPPING = YES;
				DEBUG_INFORMATION_FORMAT = "dwarf-with-dsym";
				ENABLE_NS_ASSERTIONS = NO;
				ENABLE_STRICT_OBJC_MSGSEND = YES;
				ENABLE_USER_SCRIPT_SANDBOXING = YES;
				GCC_C_LANGUAGE_STANDARD = gnu11;
				GCC_NO_COMMON_BLOCKS = YES;
				GCC_WARN_64_TO_32_BIT_CONVERSION = YES;
				GCC_WARN_ABOUT_RETURN_TYPE = YES_ERROR;
				GCC_WARN_UNDECLARED_SELECTOR = YES;
				GCC_WARN_UNINITIALIZED_AUTOS = YES_AGGRESSIVE;
				GCC_WARN_UNUSED_FUNCTION = YES;
				GCC_WARN_UNUSED_VARIABLE = YES;
				IPHONEOS_DEPLOYMENT_TARGET = 17.0;
				MACOSX_DEPLOYMENT_TARGET = 14.0;
				MTL_ENABLE_DEBUG_INFO = NO;
				MTL_FAST_MATH = YES;
				SWIFT_COMPILATION_MODE = wholemodule;
				SWIFT_OPTIMIZATION_LEVEL = "-O";
				WATCHOS_DEPLOYMENT_TARGET = 10.0;
			};
			name = Release;
		};
		C5AAA6252981CF7200CA3EC1 /* Debug */ = {
			isa = XCBuildConfiguration;
			baseConfigurationReference = 49DE8D3329AFFB3000BB7CF4 /* DiaBLE.xcconfig */;
			buildSettings = {
				ASSETCATALOG_COMPILER_APPICON_NAME = AppIcon;
				ASSETCATALOG_COMPILER_GLOBAL_ACCENT_COLOR_NAME = AccentColor;
				CODE_SIGN_ENTITLEMENTS = DiaBLE/DiaBLE.entitlements;
				CODE_SIGN_STYLE = Automatic;
				CURRENT_PROJECT_VERSION = 50;
				DEAD_CODE_STRIPPING = YES;
				DEVELOPMENT_TEAM = "$(DEVELOPMENT_TEAM)";
				ENABLE_HARDENED_RUNTIME = YES;
				ENABLE_PREVIEWS = YES;
				GENERATE_INFOPLIST_FILE = YES;
				INFOPLIST_FILE = DiaBLE/Info.plist;
				INFOPLIST_KEY_CFBundleDisplayName = DiaBLE;
				INFOPLIST_KEY_LSApplicationCategoryType = "public.app-category.healthcare-fitness";
				INFOPLIST_KEY_NFCReaderUsageDescription = "DiaBLE uses NFC to scan Libre sensors.";
				INFOPLIST_KEY_NSBluetoothAlwaysUsageDescription = "DiaBLE uses Bluetooth to receive glucose data from Libre sensors.";
				INFOPLIST_KEY_NSHealthShareUsageDescription = "DiaBLE reads blood glucose and insulin delivery data.";
				INFOPLIST_KEY_NSHealthUpdateUsageDescription = "DiaBLE tracks your blood glucose and saves the insulin delivery data.";
				INFOPLIST_KEY_NSRemindersUsageDescription = "DiaBLE reminds to check the glucose level at scheduled times.";
				"INFOPLIST_KEY_UIApplicationSceneManifest_Generation[sdk=iphoneos*]" = YES;
				"INFOPLIST_KEY_UIApplicationSceneManifest_Generation[sdk=iphonesimulator*]" = YES;
				"INFOPLIST_KEY_UIApplicationSupportsIndirectInputEvents[sdk=iphoneos*]" = YES;
				"INFOPLIST_KEY_UIApplicationSupportsIndirectInputEvents[sdk=iphonesimulator*]" = YES;
				"INFOPLIST_KEY_UILaunchScreen_Generation[sdk=iphoneos*]" = YES;
				"INFOPLIST_KEY_UILaunchScreen_Generation[sdk=iphonesimulator*]" = YES;
				"INFOPLIST_KEY_UIStatusBarStyle[sdk=iphoneos*]" = UIStatusBarStyleDefault;
				"INFOPLIST_KEY_UIStatusBarStyle[sdk=iphonesimulator*]" = UIStatusBarStyleDefault;
				INFOPLIST_KEY_UISupportedInterfaceOrientations_iPad = "UIInterfaceOrientationPortrait UIInterfaceOrientationPortraitUpsideDown UIInterfaceOrientationLandscapeLeft UIInterfaceOrientationLandscapeRight";
				INFOPLIST_KEY_UISupportedInterfaceOrientations_iPhone = "UIInterfaceOrientationPortrait UIInterfaceOrientationLandscapeLeft UIInterfaceOrientationLandscapeRight";
				IPHONEOS_DEPLOYMENT_TARGET = 17.0;
				LD_RUNPATH_SEARCH_PATHS = "@executable_path/Frameworks";
				"LD_RUNPATH_SEARCH_PATHS[sdk=macosx*]" = "@executable_path/../Frameworks";
				MACOSX_DEPLOYMENT_TARGET = 14.0;
				MARKETING_VERSION = "${APP_VERSION}";
				PRODUCT_NAME = "$(TARGET_NAME)";
				SDKROOT = auto;
				SUPPORTED_PLATFORMS = "iphoneos iphonesimulator";
				SUPPORTS_MACCATALYST = YES;
				SUPPORTS_MAC_DESIGNED_FOR_IPHONE_IPAD = YES;
				SUPPORTS_XR_DESIGNED_FOR_IPHONE_IPAD = YES;
				SWIFT_EMIT_LOC_STRINGS = YES;
				SWIFT_VERSION = 5.0;
				TARGETED_DEVICE_FAMILY = "1,2,7";
			};
			name = Debug;
		};
		C5AAA6262981CF7200CA3EC1 /* Release */ = {
			isa = XCBuildConfiguration;
			baseConfigurationReference = 49DE8D3329AFFB3000BB7CF4 /* DiaBLE.xcconfig */;
			buildSettings = {
				ASSETCATALOG_COMPILER_APPICON_NAME = AppIcon;
				ASSETCATALOG_COMPILER_GLOBAL_ACCENT_COLOR_NAME = AccentColor;
				CODE_SIGN_ENTITLEMENTS = DiaBLE/DiaBLE.entitlements;
				CODE_SIGN_STYLE = Automatic;
				CURRENT_PROJECT_VERSION = 50;
				DEAD_CODE_STRIPPING = YES;
				DEVELOPMENT_TEAM = "$(DEVELOPMENT_TEAM)";
				ENABLE_HARDENED_RUNTIME = YES;
				ENABLE_PREVIEWS = YES;
				GENERATE_INFOPLIST_FILE = YES;
				INFOPLIST_FILE = DiaBLE/Info.plist;
				INFOPLIST_KEY_CFBundleDisplayName = DiaBLE;
				INFOPLIST_KEY_LSApplicationCategoryType = "public.app-category.healthcare-fitness";
				INFOPLIST_KEY_NFCReaderUsageDescription = "DiaBLE uses NFC to scan Libre sensors.";
				INFOPLIST_KEY_NSBluetoothAlwaysUsageDescription = "DiaBLE uses Bluetooth to receive glucose data from Libre sensors.";
				INFOPLIST_KEY_NSHealthShareUsageDescription = "DiaBLE reads blood glucose and insulin delivery data.";
				INFOPLIST_KEY_NSHealthUpdateUsageDescription = "DiaBLE tracks your blood glucose and saves the insulin delivery data.";
				INFOPLIST_KEY_NSRemindersUsageDescription = "DiaBLE reminds to check the glucose level at scheduled times.";
				"INFOPLIST_KEY_UIApplicationSceneManifest_Generation[sdk=iphoneos*]" = YES;
				"INFOPLIST_KEY_UIApplicationSceneManifest_Generation[sdk=iphonesimulator*]" = YES;
				"INFOPLIST_KEY_UIApplicationSupportsIndirectInputEvents[sdk=iphoneos*]" = YES;
				"INFOPLIST_KEY_UIApplicationSupportsIndirectInputEvents[sdk=iphonesimulator*]" = YES;
				"INFOPLIST_KEY_UILaunchScreen_Generation[sdk=iphoneos*]" = YES;
				"INFOPLIST_KEY_UILaunchScreen_Generation[sdk=iphonesimulator*]" = YES;
				"INFOPLIST_KEY_UIStatusBarStyle[sdk=iphoneos*]" = UIStatusBarStyleDefault;
				"INFOPLIST_KEY_UIStatusBarStyle[sdk=iphonesimulator*]" = UIStatusBarStyleDefault;
				INFOPLIST_KEY_UISupportedInterfaceOrientations_iPad = "UIInterfaceOrientationPortrait UIInterfaceOrientationPortraitUpsideDown UIInterfaceOrientationLandscapeLeft UIInterfaceOrientationLandscapeRight";
				INFOPLIST_KEY_UISupportedInterfaceOrientations_iPhone = "UIInterfaceOrientationPortrait UIInterfaceOrientationLandscapeLeft UIInterfaceOrientationLandscapeRight";
				IPHONEOS_DEPLOYMENT_TARGET = 17.0;
				LD_RUNPATH_SEARCH_PATHS = "@executable_path/Frameworks";
				"LD_RUNPATH_SEARCH_PATHS[sdk=macosx*]" = "@executable_path/../Frameworks";
				MACOSX_DEPLOYMENT_TARGET = 14.0;
				MARKETING_VERSION = "${APP_VERSION}";
				PRODUCT_NAME = "$(TARGET_NAME)";
				SDKROOT = auto;
				SUPPORTED_PLATFORMS = "iphoneos iphonesimulator";
				SUPPORTS_MACCATALYST = YES;
				SUPPORTS_MAC_DESIGNED_FOR_IPHONE_IPAD = YES;
				SUPPORTS_XR_DESIGNED_FOR_IPHONE_IPAD = YES;
				SWIFT_EMIT_LOC_STRINGS = YES;
				SWIFT_VERSION = 5.0;
				TARGETED_DEVICE_FAMILY = "1,2,7";
			};
			name = Release;
		};
/* End XCBuildConfiguration section */

/* Begin XCConfigurationList section */
		C59960EC2981E383005999C2 /* Build configuration list for PBXNativeTarget "DiaBLE Watch" */ = {
			isa = XCConfigurationList;
			buildConfigurations = (
				C59960EA2981E383005999C2 /* Debug */,
				C59960EB2981E383005999C2 /* Release */,
			);
			defaultConfigurationIsVisible = 0;
			defaultConfigurationName = Release;
		};
		C5AAA6102981CF7000CA3EC1 /* Build configuration list for PBXProject "DiaBLE" */ = {
			isa = XCConfigurationList;
			buildConfigurations = (
				C5AAA6222981CF7200CA3EC1 /* Debug */,
				C5AAA6232981CF7200CA3EC1 /* Release */,
			);
			defaultConfigurationIsVisible = 0;
			defaultConfigurationName = Release;
		};
		C5AAA6242981CF7200CA3EC1 /* Build configuration list for PBXNativeTarget "DiaBLE" */ = {
			isa = XCConfigurationList;
			buildConfigurations = (
				C5AAA6252981CF7200CA3EC1 /* Debug */,
				C5AAA6262981CF7200CA3EC1 /* Release */,
			);
			defaultConfigurationIsVisible = 0;
			defaultConfigurationName = Release;
		};
/* End XCConfigurationList section */

/* Begin XCRemoteSwiftPackageReference section */
		C535AEB22AB3431F00AB61AD /* XCRemoteSwiftPackageReference "realm-swift" */ = {
			isa = XCRemoteSwiftPackageReference;
			repositoryURL = "https://github.com/realm/realm-swift.git";
			requirement = {
				branch = master;
				kind = branch;
			};
		};
		C55D12B029ACAE8F0050F567 /* XCRemoteSwiftPackageReference "CryptoSwift" */ = {
			isa = XCRemoteSwiftPackageReference;
			repositoryURL = "https://github.com/krzyzanowskim/CryptoSwift";
			requirement = {
				kind = upToNextMajorVersion;
				minimumVersion = 1.6.0;
			};
		};
/* End XCRemoteSwiftPackageReference section */

/* Begin XCSwiftPackageProductDependency section */
		C535AEB32AB3431F00AB61AD /* Realm */ = {
			isa = XCSwiftPackageProductDependency;
			package = C535AEB22AB3431F00AB61AD /* XCRemoteSwiftPackageReference "realm-swift" */;
			productName = Realm;
		};
		C535AEB52AB3431F00AB61AD /* RealmSwift */ = {
			isa = XCSwiftPackageProductDependency;
			package = C535AEB22AB3431F00AB61AD /* XCRemoteSwiftPackageReference "realm-swift" */;
			productName = RealmSwift;
		};
		C55D12B129ACAE8F0050F567 /* CryptoSwift */ = {
			isa = XCSwiftPackageProductDependency;
			package = C55D12B029ACAE8F0050F567 /* XCRemoteSwiftPackageReference "CryptoSwift" */;
			productName = CryptoSwift;
		};
		C55D12B629ACB9CB0050F567 /* CryptoSwift */ = {
			isa = XCSwiftPackageProductDependency;
			package = C55D12B029ACAE8F0050F567 /* XCRemoteSwiftPackageReference "CryptoSwift" */;
			productName = CryptoSwift;
		};
/* End XCSwiftPackageProductDependency section */
	};
	rootObject = C5AAA60D2981CF7000CA3EC1 /* Project object */;
}
